
Microsoft Visual Studio Solution File, Format Version 12.00
# Visual Studio Version 17
VisualStudioVersion = 17.12.35707.178
MinimumVisualStudioVersion = 10.0.40219.1
Project("{2150E333-8FDC-42A3-9474-1A3956D46DE8}") = "src", "src", "{23912E2F-3204-484C-B294-567FB386E0A5}"
EndProject
Project("{2150E333-8FDC-42A3-9474-1A3956D46DE8}") = "Services", "Services", "{8DB40597-4920-4A4C-A2F3-043341A6ABC7}"
EndProject
Project("{2150E333-8FDC-42A3-9474-1A3956D46DE8}") = "OrderService", "OrderService", "{1121013F-800E-451C-8A3C-D7818E75BB60}"
EndProject
Project("{2150E333-8FDC-42A3-9474-1A3956D46DE8}") = "NotificationService", "NotificationService", "{A553F9D3-E626-4336-A2F4-E191AC347862}"
EndProject
Project("{FAE04EC0-301F-11D3-BF4B-00C04F79EFBC}") = "OrderService.Application", "OrderService.Application\OrderService.Application.csproj", "{671CF646-BAF8-455D-B202-BC3AD9A140DC}"
EndProject
Project("{FAE04EC0-301F-11D3-BF4B-00C04F79EFBC}") = "OrderService.API", "OrderService.API\OrderService.API.csproj", "{BA1AFE25-C7B4-4534-8AE3-835F64604255}"
EndProject
Project("{FAE04EC0-301F-11D3-BF4B-00C04F79EFBC}") = "OrderService.Domain", "OrderService.Domain\OrderService.Domain.csproj", "{0203062D-4055-48BE-9DC5-BC4CD8307762}"
EndProject
Project("{FAE04EC0-301F-11D3-BF4B-00C04F79EFBC}") = "OrderService.Infrastructure", "OrderService.Infrastructure\OrderService.Infrastructure.csproj", "{9ED6C186-825C-4854-A52D-743852B72C57}"
EndProject
Project("{FAE04EC0-301F-11D3-BF4B-00C04F79EFBC}") = "NotificationService.Infrastructure", "NotificationService.Infrastructure\NotificationService.Infrastructure.csproj", "{3DE50F6A-9DF9-470A-B714-8E2AC22AE99B}"
EndProject
Project("{FAE04EC0-301F-11D3-BF4B-00C04F79EFBC}") = "NotificationService.API", "NotificationService.API\NotificationService.API.csproj", "{37724BE7-2B1C-48B3-8E1A-9F6BC74D607E}"
EndProject
Project("{FAE04EC0-301F-11D3-BF4B-00C04F79EFBC}") = "NotificationService.Domain", "NotificationService.Domain\NotificationService.Domain.csproj", "{F2A6B017-F886-4096-B6F4-267D8D8B317D}"
EndProject
Project("{E53339B2-1760-4266-BCC7-CA923CBCF16C}") = "docker-compose", "docker-compose.dcproj", "{83BC65C3-76DC-4BF1-90AB-5FE74109D575}"
EndProject
Project("{2150E333-8FDC-42A3-9474-1A3956D46DE8}") = "Shared", "Shared", "{4A18F1F6-0426-4526-A5F0-CC97C671399A}"
EndProject
Project("{FAE04EC0-301F-11D3-BF4B-00C04F79EFBC}") = "Shared.Events", "Shared.Events\Shared.Events.csproj", "{37FFD868-93E5-467B-8269-065B0BCF683A}"
EndProject
Global
	GlobalSection(SolutionConfigurationPlatforms) = preSolution
		Debug|Any CPU = Debug|Any CPU
		Release|Any CPU = Release|Any CPU
	EndGlobalSection
	GlobalSection(ProjectConfigurationPlatforms) = postSolution
		{671CF646-BAF8-455D-B202-BC3AD9A140DC}.Debug|Any CPU.ActiveCfg = Debug|Any CPU
		{671CF646-BAF8-455D-B202-BC3AD9A140DC}.Debug|Any CPU.Build.0 = Debug|Any CPU
		{671CF646-BAF8-455D-B202-BC3AD9A140DC}.Release|Any CPU.ActiveCfg = Release|Any CPU
		{671CF646-BAF8-455D-B202-BC3AD9A140DC}.Release|Any CPU.Build.0 = Release|Any CPU
		{BA1AFE25-C7B4-4534-8AE3-835F64604255}.Debug|Any CPU.ActiveCfg = Debug|Any CPU
		{BA1AFE25-C7B4-4534-8AE3-835F64604255}.Debug|Any CPU.Build.0 = Debug|Any CPU
		{BA1AFE25-C7B4-4534-8AE3-835F64604255}.Release|Any CPU.ActiveCfg = Release|Any CPU
		{BA1AFE25-C7B4-4534-8AE3-835F64604255}.Release|Any CPU.Build.0 = Release|Any CPU
		{0203062D-4055-48BE-9DC5-BC4CD8307762}.Debug|Any CPU.ActiveCfg = Debug|Any CPU
		{0203062D-4055-48BE-9DC5-BC4CD8307762}.Debug|Any CPU.Build.0 = Debug|Any CPU
		{0203062D-4055-48BE-9DC5-BC4CD8307762}.Release|Any CPU.ActiveCfg = Release|Any CPU
		{0203062D-4055-48BE-9DC5-BC4CD8307762}.Release|Any CPU.Build.0 = Release|Any CPU
		{9ED6C186-825C-4854-A52D-743852B72C57}.Debug|Any CPU.ActiveCfg = Debug|Any CPU
		{9ED6C186-825C-4854-A52D-743852B72C57}.Debug|Any CPU.Build.0 = Debug|Any CPU
		{9ED6C186-825C-4854-A52D-743852B72C57}.Release|Any CPU.ActiveCfg = Release|Any CPU
		{9ED6C186-825C-4854-A52D-743852B72C57}.Release|Any CPU.Build.0 = Release|Any CPU
		{3DE50F6A-9DF9-470A-B714-8E2AC22AE99B}.Debug|Any CPU.ActiveCfg = Debug|Any CPU
		{3DE50F6A-9DF9-470A-B714-8E2AC22AE99B}.Debug|Any CPU.Build.0 = Debug|Any CPU
		{3DE50F6A-9DF9-470A-B714-8E2AC22AE99B}.Release|Any CPU.ActiveCfg = Release|Any CPU
		{3DE50F6A-9DF9-470A-B714-8E2AC22AE99B}.Release|Any CPU.Build.0 = Release|Any CPU
		{37724BE7-2B1C-48B3-8E1A-9F6BC74D607E}.Debug|Any CPU.ActiveCfg = Debug|Any CPU
		{37724BE7-2B1C-48B3-8E1A-9F6BC74D607E}.Debug|Any CPU.Build.0 = Debug|Any CPU
		{37724BE7-2B1C-48B3-8E1A-9F6BC74D607E}.Release|Any CPU.ActiveCfg = Release|Any CPU
		{37724BE7-2B1C-48B3-8E1A-9F6BC74D607E}.Release|Any CPU.Build.0 = Release|Any CPU
		{F2A6B017-F886-4096-B6F4-267D8D8B317D}.Debug|Any CPU.ActiveCfg = Debug|Any CPU
		{F2A6B017-F886-4096-B6F4-267D8D8B317D}.Debug|Any CPU.Build.0 = Debug|Any CPU
		{F2A6B017-F886-4096-B6F4-267D8D8B317D}.Release|Any CPU.ActiveCfg = Release|Any CPU
		{F2A6B017-F886-4096-B6F4-267D8D8B317D}.Release|Any CPU.Build.0 = Release|Any CPU
		{83BC65C3-76DC-4BF1-90AB-5FE74109D575}.Debug|Any CPU.ActiveCfg = Debug|Any CPU
		{83BC65C3-76DC-4BF1-90AB-5FE74109D575}.Debug|Any CPU.Build.0 = Debug|Any CPU
		{83BC65C3-76DC-4BF1-90AB-5FE74109D575}.Release|Any CPU.ActiveCfg = Release|Any CPU
		{83BC65C3-76DC-4BF1-90AB-5FE74109D575}.Release|Any CPU.Build.0 = Release|Any CPU
		{37FFD868-93E5-467B-8269-065B0BCF683A}.Debug|Any CPU.ActiveCfg = Debug|Any CPU
		{37FFD868-93E5-467B-8269-065B0BCF683A}.Debug|Any CPU.Build.0 = Debug|Any CPU
		{37FFD868-93E5-467B-8269-065B0BCF683A}.Release|Any CPU.ActiveCfg = Release|Any CPU
		{37FFD868-93E5-467B-8269-065B0BCF683A}.Release|Any CPU.Build.0 = Release|Any CPU
	EndGlobalSection
	GlobalSection(SolutionProperties) = preSolution
		HideSolutionNode = FALSE
	EndGlobalSection
	GlobalSection(NestedProjects) = preSolution
		{8DB40597-4920-4A4C-A2F3-043341A6ABC7} = {23912E2F-3204-484C-B294-567FB386E0A5}
		{1121013F-800E-451C-8A3C-D7818E75BB60} = {8DB40597-4920-4A4C-A2F3-043341A6ABC7}
		{A553F9D3-E626-4336-A2F4-E191AC347862} = {8DB40597-4920-4A4C-A2F3-043341A6ABC7}
		{671CF646-BAF8-455D-B202-BC3AD9A140DC} = {1121013F-800E-451C-8A3C-D7818E75BB60}
		{BA1AFE25-C7B4-4534-8AE3-835F64604255} = {1121013F-800E-451C-8A3C-D7818E75BB60}
		{0203062D-4055-48BE-9DC5-BC4CD8307762} = {1121013F-800E-451C-8A3C-D7818E75BB60}
		{9ED6C186-825C-4854-A52D-743852B72C57} = {1121013F-800E-451C-8A3C-D7818E75BB60}
		{3DE50F6A-9DF9-470A-B714-8E2AC22AE99B} = {A553F9D3-E626-4336-A2F4-E191AC347862}
		{37724BE7-2B1C-48B3-8E1A-9F6BC74D607E} = {A553F9D3-E626-4336-A2F4-E191AC347862}
		{F2A6B017-F886-4096-B6F4-267D8D8B317D} = {A553F9D3-E626-4336-A2F4-E191AC347862}
		{4A18F1F6-0426-4526-A5F0-CC97C671399A} = {23912E2F-3204-484C-B294-567FB386E0A5}
		{37FFD868-93E5-467B-8269-065B0BCF683A} = {4A18F1F6-0426-4526-A5F0-CC97C671399A}
	EndGlobalSection
EndGlobal
